// !$*UTF8*$!
{
	archiveVersion = 1;
	classes = {
	};
	objectVersion = 46;
	objects = {

/* Begin PBXBuildFile section */
		185824F31CA6CAA100B0E4DF /* AppDelegate.swift in Sources */ = {isa = PBXBuildFile; fileRef = 185824F21CA6CAA100B0E4DF /* AppDelegate.swift */; };
		185824F51CA6CAA100B0E4DF /* ViewController.swift in Sources */ = {isa = PBXBuildFile; fileRef = 185824F41CA6CAA100B0E4DF /* ViewController.swift */; };
		185824F81CA6CAA100B0E4DF /* Main.storyboard in Resources */ = {isa = PBXBuildFile; fileRef = 185824F61CA6CAA100B0E4DF /* Main.storyboard */; };
		185824FA1CA6CAA100B0E4DF /* Assets.xcassets in Resources */ = {isa = PBXBuildFile; fileRef = 185824F91CA6CAA100B0E4DF /* Assets.xcassets */; };
		185824FD1CA6CAA100B0E4DF /* LaunchScreen.storyboard in Resources */ = {isa = PBXBuildFile; fileRef = 185824FB1CA6CAA100B0E4DF /* LaunchScreen.storyboard */; };
		185825081CA6CAA100B0E4DF /* Scavenger_HuntTests.swift in Sources */ = {isa = PBXBuildFile; fileRef = 185825071CA6CAA100B0E4DF /* Scavenger_HuntTests.swift */; };
		185825131CA6CAA100B0E4DF /* Scavenger_HuntUITests.swift in Sources */ = {isa = PBXBuildFile; fileRef = 185825121CA6CAA100B0E4DF /* Scavenger_HuntUITests.swift */; };
/* End PBXBuildFile section */

/* Begin PBXContainerItemProxy section */
		185825041CA6CAA100B0E4DF /* PBXContainerItemProxy */ = {
			isa = PBXContainerItemProxy;
			containerPortal = 185824E71CA6CAA100B0E4DF /* Project object */;
			proxyType = 1;
			remoteGlobalIDString = 185824EE1CA6CAA100B0E4DF;
			remoteInfo = "Scavenger Hunt";
		};
		1858250F1CA6CAA100B0E4DF /* PBXContainerItemProxy */ = {
			isa = PBXContainerItemProxy;
			containerPortal = 185824E71CA6CAA100B0E4DF /* Project object */;
			proxyType = 1;
			remoteGlobalIDString = 185824EE1CA6CAA100B0E4DF;
			remoteInfo = "Scavenger Hunt";
		};
/* End PBXContainerItemProxy section */

/* Begin PBXFileReference section */
		185824EF1CA6CAA100B0E4DF /* Scavenger Hunt.app */ = {isa = PBXFileReference; explicitFileType = wrapper.application; includeInIndex = 0; path = "Scavenger Hunt.app"; sourceTree = BUILT_PRODUCTS_DIR; };
		185824F21CA6CAA100B0E4DF /* AppDelegate.swift */ = {isa = PBXFileReference; lastKnownFileType = sourcecode.swift; path = AppDelegate.swift; sourceTree = "<group>"; };
		185824F41CA6CAA100B0E4DF /* ViewController.swift */ = {isa = PBXFileReference; lastKnownFileType = sourcecode.swift; path = ViewController.swift; sourceTree = "<group>"; };
		185824F71CA6CAA100B0E4DF /* Base */ = {isa = PBXFileReference; lastKnownFileType = file.storyboard; name = Base; path = Base.lproj/Main.storyboard; sourceTree = "<group>"; };
		185824F91CA6CAA100B0E4DF /* Assets.xcassets */ = {isa = PBXFileReference; lastKnownFileType = folder.assetcatalog; path = Assets.xcassets; sourceTree = "<group>"; };
		185824FC1CA6CAA100B0E4DF /* Base */ = {isa = PBXFileReference; lastKnownFileType = file.storyboard; name = Base; path = Base.lproj/LaunchScreen.storyboard; sourceTree = "<group>"; };
		185824FE1CA6CAA100B0E4DF /* Info.plist */ = {isa = PBXFileReference; lastKnownFileType = text.plist.xml; path = Info.plist; sourceTree = "<group>"; };
		185825031CA6CAA100B0E4DF /* Scavenger HuntTests.xctest */ = {isa = PBXFileReference; explicitFileType = wrapper.cfbundle; includeInIndex = 0; path = "Scavenger HuntTests.xctest"; sourceTree = BUILT_PRODUCTS_DIR; };
		185825071CA6CAA100B0E4DF /* Scavenger_HuntTests.swift */ = {isa = PBXFileReference; lastKnownFileType = sourcecode.swift; path = Scavenger_HuntTests.swift; sourceTree = "<group>"; };
		185825091CA6CAA100B0E4DF /* Info.plist */ = {isa = PBXFileReference; lastKnownFileType = text.plist.xml; path = Info.plist; sourceTree = "<group>"; };
		1858250E1CA6CAA100B0E4DF /* Scavenger HuntUITests.xctest */ = {isa = PBXFileReference; explicitFileType = wrapper.cfbundle; includeInIndex = 0; path = "Scavenger HuntUITests.xctest"; sourceTree = BUILT_PRODUCTS_DIR; };
		185825121CA6CAA100B0E4DF /* Scavenger_HuntUITests.swift */ = {isa = PBXFileReference; lastKnownFileType = sourcecode.swift; path = Scavenger_HuntUITests.swift; sourceTree = "<group>"; };
		185825141CA6CAA100B0E4DF /* Info.plist */ = {isa = PBXFileReference; lastKnownFileType = text.plist.xml; path = Info.plist; sourceTree = "<group>"; };
/* End PBXFileReference section */

/* Begin PBXFrameworksBuildPhase section */
		185824EC1CA6CAA100B0E4DF /* Frameworks */ = {
			isa = PBXFrameworksBuildPhase;
			buildActionMask = 2147483647;
			files = (
			);
			runOnlyForDeploymentPostprocessing = 0;
		};
		185825001CA6CAA100B0E4DF /* Frameworks */ = {
			isa = PBXFrameworksBuildPhase;
			buildActionMask = 2147483647;
			files = (
			);
			runOnlyForDeploymentPostprocessing = 0;
		};
		1858250B1CA6CAA100B0E4DF /* Frameworks */ = {
			isa = PBXFrameworksBuildPhase;
			buildActionMask = 2147483647;
			files = (
			);
			runOnlyForDeploymentPostprocessing = 0;
		};
/* End PBXFrameworksBuildPhase section */

/* Begin PBXGroup section */
		185824E61CA6CAA100B0E4DF = {
			isa = PBXGroup;
			children = (
				185824F11CA6CAA100B0E4DF /* Scavenger Hunt */,
				185825061CA6CAA100B0E4DF /* Scavenger HuntTests */,
				185825111CA6CAA100B0E4DF /* Scavenger HuntUITests */,
				185824F01CA6CAA100B0E4DF /* Products */,
			);
			sourceTree = "<group>";
		};
		185824F01CA6CAA100B0E4DF /* Products */ = {
			isa = PBXGroup;
			children = (
				185824EF1CA6CAA100B0E4DF /* Scavenger Hunt.app */,
				185825031CA6CAA100B0E4DF /* Scavenger HuntTests.xctest */,
				1858250E1CA6CAA100B0E4DF /* Scavenger HuntUITests.xctest */,
			);
			name = Products;
			sourceTree = "<group>";
		};
		185824F11CA6CAA100B0E4DF /* Scavenger Hunt */ = {
			isa = PBXGroup;
			children = (
				185824F21CA6CAA100B0E4DF /* AppDelegate.swift */,
				185824F41CA6CAA100B0E4DF /* ViewController.swift */,
				185824F61CA6CAA100B0E4DF /* Main.storyboard */,
				185824F91CA6CAA100B0E4DF /* Assets.xcassets */,
				185824FB1CA6CAA100B0E4DF /* LaunchScreen.storyboard */,
				185824FE1CA6CAA100B0E4DF /* Info.plist */,
			);
			path = "Scavenger Hunt";
			sourceTree = "<group>";
		};
		185825061CA6CAA100B0E4DF /* Scavenger HuntTests */ = {
			isa = PBXGroup;
			children = (
				185825071CA6CAA100B0E4DF /* Scavenger_HuntTests.swift */,
				185825091CA6CAA100B0E4DF /* Info.plist */,
			);
			path = "Scavenger HuntTests";
			sourceTree = "<group>";
		};
		185825111CA6CAA100B0E4DF /* Scavenger HuntUITests */ = {
			isa = PBXGroup;
			children = (
				185825121CA6CAA100B0E4DF /* Scavenger_HuntUITests.swift */,
				185825141CA6CAA100B0E4DF /* Info.plist */,
			);
			path = "Scavenger HuntUITests";
			sourceTree = "<group>";
		};
/* End PBXGroup section */

/* Begin PBXNativeTarget section */
		185824EE1CA6CAA100B0E4DF /* Scavenger Hunt */ = {
			isa = PBXNativeTarget;
			buildConfigurationList = 185825171CA6CAA100B0E4DF /* Build configuration list for PBXNativeTarget "Scavenger Hunt" */;
			buildPhases = (
				185824EB1CA6CAA100B0E4DF /* Sources */,
				185824EC1CA6CAA100B0E4DF /* Frameworks */,
				185824ED1CA6CAA100B0E4DF /* Resources */,
			);
			buildRules = (
			);
			dependencies = (
			);
			name = "Scavenger Hunt";
			productName = "Scavenger Hunt";
			productReference = 185824EF1CA6CAA100B0E4DF /* Scavenger Hunt.app */;
			productType = "com.apple.product-type.application";
		};
		185825021CA6CAA100B0E4DF /* Scavenger HuntTests */ = {
			isa = PBXNativeTarget;
			buildConfigurationList = 1858251A1CA6CAA100B0E4DF /* Build configuration list for PBXNativeTarget "Scavenger HuntTests" */;
			buildPhases = (
				185824FF1CA6CAA100B0E4DF /* Sources */,
				185825001CA6CAA100B0E4DF /* Frameworks */,
				185825011CA6CAA100B0E4DF /* Resources */,
			);
			buildRules = (
			);
			dependencies = (
				185825051CA6CAA100B0E4DF /* PBXTargetDependency */,
			);
			name = "Scavenger HuntTests";
			productName = "Scavenger HuntTests";
			productReference = 185825031CA6CAA100B0E4DF /* Scavenger HuntTests.xctest */;
			productType = "com.apple.product-type.bundle.unit-test";
		};
		1858250D1CA6CAA100B0E4DF /* Scavenger HuntUITests */ = {
			isa = PBXNativeTarget;
			buildConfigurationList = 1858251D1CA6CAA100B0E4DF /* Build configuration list for PBXNativeTarget "Scavenger HuntUITests" */;
			buildPhases = (
				1858250A1CA6CAA100B0E4DF /* Sources */,
				1858250B1CA6CAA100B0E4DF /* Frameworks */,
				1858250C1CA6CAA100B0E4DF /* Resources */,
			);
			buildRules = (
			);
			dependencies = (
				185825101CA6CAA100B0E4DF /* PBXTargetDependency */,
			);
			name = "Scavenger HuntUITests";
			productName = "Scavenger HuntUITests";
			productReference = 1858250E1CA6CAA100B0E4DF /* Scavenger HuntUITests.xctest */;
			productType = "com.apple.product-type.bundle.ui-testing";
		};
/* End PBXNativeTarget section */

/* Begin PBXProject section */
		185824E71CA6CAA100B0E4DF /* Project object */ = {
			isa = PBXProject;
			attributes = {
				LastSwiftUpdateCheck = 0720;
				LastUpgradeCheck = 0720;
				ORGANIZATIONNAME = Apple;
				TargetAttributes = {
					185824EE1CA6CAA100B0E4DF = {
						CreatedOnToolsVersion = 7.2;
					};
					185825021CA6CAA100B0E4DF = {
						CreatedOnToolsVersion = 7.2;
						TestTargetID = 185824EE1CA6CAA100B0E4DF;
					};
					1858250D1CA6CAA100B0E4DF = {
						CreatedOnToolsVersion = 7.2;
						TestTargetID = 185824EE1CA6CAA100B0E4DF;
					};
				};
			};
			buildConfigurationList = 185824EA1CA6CAA100B0E4DF /* Build configuration list for PBXProject "Scavenger Hunt" */;
			compatibilityVersion = "Xcode 3.2";
			developmentRegion = English;
			hasScannedForEncodings = 0;
			knownRegions = (
				en,
				Base,
			);
			mainGroup = 185824E61CA6CAA100B0E4DF;
			productRefGroup = 185824F01CA6CAA100B0E4DF /* Products */;
			projectDirPath = "";
			projectRoot = "";
			targets = (
				185824EE1CA6CAA100B0E4DF /* Scavenger Hunt */,
				185825021CA6CAA100B0E4DF /* Scavenger HuntTests */,
				1858250D1CA6CAA100B0E4DF /* Scavenger HuntUITests */,
			);
		};
/* End PBXProject section */

/* Begin PBXResourcesBuildPhase section */
		185824ED1CA6CAA100B0E4DF /* Resources */ = {
			isa = PBXResourcesBuildPhase;
			buildActionMask = 2147483647;
			files = (
				185824FD1CA6CAA100B0E4DF /* LaunchScreen.storyboard in Resources */,
				185824FA1CA6CAA100B0E4DF /* Assets.xcassets in Resources */,
				185824F81CA6CAA100B0E4DF /* Main.storyboard in Resources */,
			);
			runOnlyForDeploymentPostprocessing = 0;
		};
		185825011CA6CAA100B0E4DF /* Resources */ = {
			isa = PBXResourcesBuildPhase;
			buildActionMask = 2147483647;
			files = (
			);
			runOnlyForDeploymentPostprocessing = 0;
		};
		1858250C1CA6CAA100B0E4DF /* Resources */ = {
			isa = PBXResourcesBuildPhase;
			buildActionMask = 2147483647;
			files = (
			);
			runOnlyForDeploymentPostprocessing = 0;
		};
/* End PBXResourcesBuildPhase section */

/* Begin PBXSourcesBuildPhase section */
		185824EB1CA6CAA100B0E4DF /* Sources */ = {
			isa = PBXSourcesBuildPhase;
			buildActionMask = 2147483647;
			files = (
				185824F51CA6CAA100B0E4DF /* ViewController.swift in Sources */,
				185824F31CA6CAA100B0E4DF /* AppDelegate.swift in Sources */,
			);
			runOnlyForDeploymentPostprocessing = 0;
		};
		185824FF1CA6CAA100B0E4DF /* Sources */ = {
			isa = PBXSourcesBuildPhase;
			buildActionMask = 2147483647;
			files = (
				185825081CA6CAA100B0E4DF /* Scavenger_HuntTests.swift in Sources */,
			);
			runOnlyForDeploymentPostprocessing = 0;
		};
		1858250A1CA6CAA100B0E4DF /* Sources */ = {
			isa = PBXSourcesBuildPhase;
			buildActionMask = 2147483647;
			files = (
				185825131CA6CAA100B0E4DF /* Scavenger_HuntUITests.swift in Sources */,
			);
			runOnlyForDeploymentPostprocessing = 0;
		};
/* End PBXSourcesBuildPhase section */

/* Begin PBXTargetDependency section */
		185825051CA6CAA100B0E4DF /* PBXTargetDependency */ = {
			isa = PBXTargetDependency;
			target = 185824EE1CA6CAA100B0E4DF /* Scavenger Hunt */;
			targetProxy = 185825041CA6CAA100B0E4DF /* PBXContainerItemProxy */;
		};
		185825101CA6CAA100B0E4DF /* PBXTargetDependency */ = {
			isa = PBXTargetDependency;
			target = 185824EE1CA6CAA100B0E4DF /* Scavenger Hunt */;
			targetProxy = 1858250F1CA6CAA100B0E4DF /* PBXContainerItemProxy */;
		};
/* End PBXTargetDependency section */

/* Begin PBXVariantGroup section */
		185824F61CA6CAA100B0E4DF /* Main.storyboard */ = {
			isa = PBXVariantGroup;
			children = (
				185824F71CA6CAA100B0E4DF /* Base */,
			);
			name = Main.storyboard;
			sourceTree = "<group>";
		};
		185824FB1CA6CAA100B0E4DF /* LaunchScreen.storyboard */ = {
			isa = PBXVariantGroup;
			children = (
				185824FC1CA6CAA100B0E4DF /* Base */,
			);
			name = LaunchScreen.storyboard;
			sourceTree = "<group>";
		};
/* End PBXVariantGroup section */

/* Begin XCBuildConfiguration section */
		185825151CA6CAA100B0E4DF /* Debug */ = {
			isa = XCBuildConfiguration;
			buildSettings = {
				ALWAYS_SEARCH_USER_PATHS = NO;
				CLANG_CXX_LANGUAGE_STANDARD = "gnu++0x";
				CLANG_CXX_LIBRARY = "libc++";
				CLANG_ENABLE_MODULES = YES;
				CLANG_ENABLE_OBJC_ARC = YES;
				CLANG_WARN_BOOL_CONVERSION = YES;
				CLANG_WARN_CONSTANT_CONVERSION = YES;
				CLANG_WARN_DIRECT_OBJC_ISA_USAGE = YES_ERROR;
				CLANG_WARN_EMPTY_BODY = YES;
				CLANG_WARN_ENUM_CONVERSION = YES;
				CLANG_WARN_INT_CONVERSION = YES;
				CLANG_WARN_OBJC_ROOT_CLASS = YES_ERROR;
				CLANG_WARN_UNREACHABLE_CODE = YES;
				CLANG_WARN__DUPLICATE_METHOD_MATCH = YES;
				"CODE_SIGN_IDENTITY[sdk=iphoneos*]" = "iPhone Developer";
				COPY_PHASE_STRIP = NO;
				DEBUG_INFORMATION_FORMAT = dwarf;
				ENABLE_STRICT_OBJC_MSGSEND = YES;
				ENABLE_TESTABILITY = YES;
				GCC_C_LANGUAGE_STANDARD = gnu99;
				GCC_DYNAMIC_NO_PIC = NO;
				GCC_NO_COMMON_BLOCKS = YES;
				GCC_OPTIMIZATION_LEVEL = 0;
				GCC_PREPROCESSOR_DEFINITIONS = (
					"DEBUG=1",
					"$(inherited)",
				);
				GCC_WARN_64_TO_32_BIT_CONVERSION = YES;
				GCC_WARN_ABOUT_RETURN_TYPE = YES_ERROR;
				GCC_WARN_UNDECLARED_SELECTOR = YES;
				GCC_WARN_UNINITIALIZED_AUTOS = YES_AGGRESSIVE;
				GCC_WARN_UNUSED_FUNCTION = YES;
				GCC_WARN_UNUSED_VARIABLE = YES;
				IPHONEOS_DEPLOYMENT_TARGET = 9.2;
				MTL_ENABLE_DEBUG_INFO = YES;
				ONLY_ACTIVE_ARCH = YES;
				SDKROOT = iphoneos;
				SWIFT_OPTIMIZATION_LEVEL = "-Onone";
				TARGETED_DEVICE_FAMILY = "1,2";
			};
			name = Debug;
		};
		185825161CA6CAA100B0E4DF /* Release */ = {
			isa = XCBuildConfiguration;
			buildSettings = {
				ALWAYS_SEARCH_USER_PATHS = NO;
				CLANG_CXX_LANGUAGE_STANDARD = "gnu++0x";
				CLANG_CXX_LIBRARY = "libc++";
				CLANG_ENABLE_MODULES = YES;
				CLANG_ENABLE_OBJC_ARC = YES;
				CLANG_WARN_BOOL_CONVERSION = YES;
				CLANG_WARN_CONSTANT_CONVERSION = YES;
				CLANG_WARN_DIRECT_OBJC_ISA_USAGE = YES_ERROR;
				CLANG_WARN_EMPTY_BODY = YES;
				CLANG_WARN_ENUM_CONVERSION = YES;
				CLANG_WARN_INT_CONVERSION = YES;
				CLANG_WARN_OBJC_ROOT_CLASS = YES_ERROR;
				CLANG_WARN_UNREACHABLE_CODE = YES;
				CLANG_WARN__DUPLICATE_METHOD_MATCH = YES;
				"CODE_SIGN_IDENTITY[sdk=iphoneos*]" = "iPhone Developer";
				COPY_PHASE_STRIP = NO;
				DEBUG_INFORMATION_FORMAT = "dwarf-with-dsym";
				ENABLE_NS_ASSERTIONS = NO;
				ENABLE_STRICT_OBJC_MSGSEND = YES;
				GCC_C_LANGUAGE_STANDARD = gnu99;
				GCC_NO_COMMON_BLOCKS = YES;
				GCC_WARN_64_TO_32_BIT_CONVERSION = YES;
				GCC_WARN_ABOUT_RETURN_TYPE = YES_ERROR;
				GCC_WARN_UNDECLARED_SELECTOR = YES;
				GCC_WARN_UNINITIALIZED_AUTOS = YES_AGGRESSIVE;
				GCC_WARN_UNUSED_FUNCTION = YES;
				GCC_WARN_UNUSED_VARIABLE = YES;
				IPHONEOS_DEPLOYMENT_TARGET = 9.2;
				MTL_ENABLE_DEBUG_INFO = NO;
				SDKROOT = iphoneos;
				TARGETED_DEVICE_FAMILY = "1,2";
				VALIDATE_PRODUCT = YES;
			};
			name = Release;
		};
		185825181CA6CAA100B0E4DF /* Debug */ = {
			isa = XCBuildConfiguration;
			buildSettings = {
				ASSETCATALOG_COMPILER_APPICON_NAME = AppIcon;
				INFOPLIST_FILE = "Scavenger Hunt/Info.plist";
				LD_RUNPATH_SEARCH_PATHS = "$(inherited) @executable_path/Frameworks";
				PRODUCT_BUNDLE_IDENTIFIER = "com.example.Scavenger-Hunt";
				PRODUCT_NAME = "$(TARGET_NAME)";
			};
			name = Debug;
		};
		185825191CA6CAA100B0E4DF /* Release */ = {
			isa = XCBuildConfiguration;
			buildSettings = {
				ASSETCATALOG_COMPILER_APPICON_NAME = AppIcon;
				INFOPLIST_FILE = "Scavenger Hunt/Info.plist";
				LD_RUNPATH_SEARCH_PATHS = "$(inherited) @executable_path/Frameworks";
				PRODUCT_BUNDLE_IDENTIFIER = "com.example.Scavenger-Hunt";
				PRODUCT_NAME = "$(TARGET_NAME)";
			};
			name = Release;
		};
		1858251B1CA6CAA100B0E4DF /* Debug */ = {
			isa = XCBuildConfiguration;
			buildSettings = {
				BUNDLE_LOADER = "$(TEST_HOST)";
				INFOPLIST_FILE = "Scavenger HuntTests/Info.plist";
				LD_RUNPATH_SEARCH_PATHS = "$(inherited) @executable_path/Frameworks @loader_path/Frameworks";
				PRODUCT_BUNDLE_IDENTIFIER = "com.example.Scavenger-HuntTests";
				PRODUCT_NAME = "$(TARGET_NAME)";
				TEST_HOST = "$(BUILT_PRODUCTS_DIR)/Scavenger Hunt.app/Scavenger Hunt";
			};
			name = Debug;
		};
		1858251C1CA6CAA100B0E4DF /* Release */ = {
			isa = XCBuildConfiguration;
			buildSettings = {
				BUNDLE_LOADER = "$(TEST_HOST)";
				INFOPLIST_FILE = "Scavenger HuntTests/Info.plist";
				LD_RUNPATH_SEARCH_PATHS = "$(inherited) @executable_path/Frameworks @loader_path/Frameworks";
				PRODUCT_BUNDLE_IDENTIFIER = "com.example.Scavenger-HuntTests";
				PRODUCT_NAME = "$(TARGET_NAME)";
				TEST_HOST = "$(BUILT_PRODUCTS_DIR)/Scavenger Hunt.app/Scavenger Hunt";
			};
			name = Release;
		};
		1858251E1CA6CAA100B0E4DF /* Debug */ = {
			isa = XCBuildConfiguration;
			buildSettings = {
				INFOPLIST_FILE = "Scavenger HuntUITests/Info.plist";
				LD_RUNPATH_SEARCH_PATHS = "$(inherited) @executable_path/Frameworks @loader_path/Frameworks";
				PRODUCT_BUNDLE_IDENTIFIER = "com.example.Scavenger-HuntUITests";
				PRODUCT_NAME = "$(TARGET_NAME)";
				TEST_TARGET_NAME = "Scavenger Hunt";
				USES_XCTRUNNER = YES;
			};
			name = Debug;
		};
		1858251F1CA6CAA100B0E4DF /* Release */ = {
			isa = XCBuildConfiguration;
			buildSettings = {
				INFOPLIST_FILE = "Scavenger HuntUITests/Info.plist";
				LD_RUNPATH_SEARCH_PATHS = "$(inherited) @executable_path/Frameworks @loader_path/Frameworks";
				PRODUCT_BUNDLE_IDENTIFIER = "com.example.Scavenger-HuntUITests";
				PRODUCT_NAME = "$(TARGET_NAME)";
				TEST_TARGET_NAME = "Scavenger Hunt";
				USES_XCTRUNNER = YES;
			};
			name = Release;
		};
/* End XCBuildConfiguration section */

/* Begin XCConfigurationList section */
		185824EA1CA6CAA100B0E4DF /* Build configuration list for PBXProject "Scavenger Hunt" */ = {
			isa = XCConfigurationList;
			buildConfigurations = (
				185825151CA6CAA100B0E4DF /* Debug */,
				185825161CA6CAA100B0E4DF /* Release */,
			);
			defaultConfigurationIsVisible = 0;
			defaultConfigurationName = Release;
		};
		185825171CA6CAA100B0E4DF /* Build configuration list for PBXNativeTarget "Scavenger Hunt" */ = {
			isa = XCConfigurationList;
			buildConfigurations = (
				185825181CA6CAA100B0E4DF /* Debug */,
				185825191CA6CAA100B0E4DF /* Release */,
			);
			defaultConfigurationIsVisible = 0;
		};
		1858251A1CA6CAA100B0E4DF /* Build configuration list for PBXNativeTarget "Scavenger HuntTests" */ = {
			isa = XCConfigurationList;
			buildConfigurations = (
				1858251B1CA6CAA100B0E4DF /* Debug */,
				1858251C1CA6CAA100B0E4DF /* Release */,
			);
			defaultConfigurationIsVisible = 0;
		};
		1858251D1CA6CAA100B0E4DF /* Build configuration list for PBXNativeTarget "Scavenger HuntUITests" */ = {
			isa = XCConfigurationList;
			buildConfigurations = (
				1858251E1CA6CAA100B0E4DF /* Debug */,
				1858251F1CA6CAA100B0E4DF /* Release */,
			);
			defaultConfigurationIsVisible = 0;
		};
/* End XCConfigurationList section */
	};
	rootObject = 185824E71CA6CAA100B0E4DF /* Project object */;
}
